
Microsoft Visual Studio Solution File, Format Version 12.00
# Visual Studio 14
VisualStudioVersion = 14.0.25420.1
MinimumVisualStudioVersion = 10.0.40219.1
Project("{8BC9CEB8-8B4A-11D0-8D11-00A0C91BC942}") = "Dream3D", "Dream3D\Dream3D.vcxproj", "{ABD4AAF6-4A49-40F3-BEEC-42A64187A440}"
EndProject
Project("{8BC9CEB8-8B4A-11D0-8D11-00A0C91BC942}") = "Dream3DTest", "Dream3DTest\Dream3DTest.vcxproj", "{C5FC37FF-F2D4-4098-8F5A-CEB78C2F82C2}"
EndProject
Project("{8BC9CEB8-8B4A-11D0-8D11-00A0C91BC942}") = "_01_SoftwareRenderer_CreatingADisplay", "_01_SoftwareRenderer_CreatingADisplay\_01_SoftwareRenderer_CreatingADisplay.vcxproj", "{8CB8EB1A-4CE5-48F6-9993-470027A6802C}"
EndProject
Project("{8BC9CEB8-8B4A-11D0-8D11-00A0C91BC942}") = "_02_SoftwareRenderer_3DStarField", "_02_SoftwareRenderer_3DStarField\_02_SoftwareRenderer_3DStarField.vcxproj", "{8CB8EB1B-4CE6-48F7-9994-470027A6802D}"
EndProject
Project("{8BC9CEB8-8B4A-11D0-8D11-00A0C91BC942}") = "_03_SoftwareRenderer_RenderContext", "_03_SoftwareRenderer_RenderContext\_03_SoftwareRenderer_RenderContext.vcxproj", "{8CB8EB1C-4CE7-48F8-9995-470027A6802E}"
EndProject
Project("{8BC9CEB8-8B4A-11D0-8D11-00A0C91BC942}") = "_04_SoftwareRenderer_SolidShapes", "_04_SoftwareRenderer_SolidShapes\_04_SoftwareRenderer_SolidShapes.vcxproj", "{8CB8EB1D-4CE8-48F9-9996-470027A6802F}"
EndProject
Project("{8BC9CEB8-8B4A-11D0-8D11-00A0C91BC942}") = "_05_SoftwareRenderer_Triangles", "_05_SoftwareRenderer_Triangles\_05_SoftwareRenderer_Triangles.vcxproj", "{8CB8EB1E-4CE9-48F9-9997-470027A68030}"
EndProject
Project("{8BC9CEB8-8B4A-11D0-8D11-00A0C91BC942}") = "_06_SoftwareRenderer_GenericTriangles", "_06_SoftwareRenderer_GenericTriangles\_06_SoftwareRenderer_GenericTriangles.vcxproj", "{8CB8EB1F-4CEA-48FA-9998-470027A68031}"
EndProject
Project("{8BC9CEB8-8B4A-11D0-8D11-00A0C91BC942}") = "_07_SoftwareRenderer_TriangleTransformation", "_07_SoftwareRenderer_TriangleTransformation\_07_SoftwareRenderer_TriangleTransformation.vcxproj", "{8CB8EB20-4CEB-48FB-9999-470027A68032}"
EndProject
Project("{8BC9CEB8-8B4A-11D0-8D11-00A0C91BC942}") = "_08_SoftwareRenderer_FillConventions", "_08_SoftwareRenderer_FillConventions\_08_SoftwareRenderer_FillConventions.vcxproj", "{8CB8EB21-4CEC-48FC-999A-470027A68033}"
EndProject
Project("{8BC9CEB8-8B4A-11D0-8D11-00A0C91BC942}") = "_09_SoftwareRenderer_EdgeScanning", "_09_SoftwareRenderer_EdgeScanning\_09_SoftwareRenderer_EdgeScanning.vcxproj", "{8CB8EB22-4CED-48FD-999B-470027A68034}"
EndProject
Project("{8BC9CEB8-8B4A-11D0-8D11-00A0C91BC942}") = "_10_SoftwareRenderer_GradientInterpolation", "_10_SoftwareRenderer_GradientInterpolation\_10_SoftwareRenderer_GradientInterpolation.vcxproj", "{8CB8EB23-4CEE-48FE-999C-470027A68035}"
EndProject
Project("{8BC9CEB8-8B4A-11D0-8D11-00A0C91BC942}") = "_11_SoftwareRenderer_TextureMapping", "_11_SoftwareRenderer_TextureMapping\_11_SoftwareRenderer_TextureMapping.vcxproj", "{8CB8EB24-4CEF-48FF-999D-470027A68036}"
EndProject
Global
	GlobalSection(SolutionConfigurationPlatforms) = preSolution
		Debug|x64 = Debug|x64
		Debug|x86 = Debug|x86
		Release|x64 = Release|x64
		Release|x86 = Release|x86
	EndGlobalSection
	GlobalSection(ProjectConfigurationPlatforms) = postSolution
		{ABD4AAF6-4A49-40F3-BEEC-42A64187A440}.Debug|x64.ActiveCfg = Debug|Win32
		{ABD4AAF6-4A49-40F3-BEEC-42A64187A440}.Debug|x86.ActiveCfg = Debug|Win32
		{ABD4AAF6-4A49-40F3-BEEC-42A64187A440}.Debug|x86.Build.0 = Debug|Win32
		{ABD4AAF6-4A49-40F3-BEEC-42A64187A440}.Release|x64.ActiveCfg = Release|Win32
		{ABD4AAF6-4A49-40F3-BEEC-42A64187A440}.Release|x86.ActiveCfg = Release|Win32
		{ABD4AAF6-4A49-40F3-BEEC-42A64187A440}.Release|x86.Build.0 = Release|Win32
		{C5FC37FF-F2D4-4098-8F5A-CEB78C2F82C2}.Debug|x64.ActiveCfg = Debug|x64
		{C5FC37FF-F2D4-4098-8F5A-CEB78C2F82C2}.Debug|x64.Build.0 = Debug|x64
		{C5FC37FF-F2D4-4098-8F5A-CEB78C2F82C2}.Debug|x86.ActiveCfg = Debug|Win32
		{C5FC37FF-F2D4-4098-8F5A-CEB78C2F82C2}.Debug|x86.Build.0 = Debug|Win32
		{C5FC37FF-F2D4-4098-8F5A-CEB78C2F82C2}.Release|x64.ActiveCfg = Release|x64
		{C5FC37FF-F2D4-4098-8F5A-CEB78C2F82C2}.Release|x64.Build.0 = Release|x64
		{C5FC37FF-F2D4-4098-8F5A-CEB78C2F82C2}.Release|x86.ActiveCfg = Release|Win32
		{C5FC37FF-F2D4-4098-8F5A-CEB78C2F82C2}.Release|x86.Build.0 = Release|Win32
		{8CB8EB1A-4CE5-48F6-9993-470027A6802C}.Debug|x64.ActiveCfg = Debug|x64
		{8CB8EB1A-4CE5-48F6-9993-470027A6802C}.Debug|x64.Build.0 = Debug|x64
		{8CB8EB1A-4CE5-48F6-9993-470027A6802C}.Debug|x86.ActiveCfg = Debug|Win32
		{8CB8EB1A-4CE5-48F6-9993-470027A6802C}.Debug|x86.Build.0 = Debug|Win32
		{8CB8EB1A-4CE5-48F6-9993-470027A6802C}.Release|x64.ActiveCfg = Release|x64
		{8CB8EB1A-4CE5-48F6-9993-470027A6802C}.Release|x64.Build.0 = Release|x64
		{8CB8EB1A-4CE5-48F6-9993-470027A6802C}.Release|x86.ActiveCfg = Release|Win32
		{8CB8EB1A-4CE5-48F6-9993-470027A6802C}.Release|x86.Build.0 = Release|Win32
		{8CB8EB1B-4CE6-48F7-9994-470027A6802D}.Debug|x64.ActiveCfg = Debug|x64
		{8CB8EB1B-4CE6-48F7-9994-470027A6802D}.Debug|x64.Build.0 = Debug|x64
		{8CB8EB1B-4CE6-48F7-9994-470027A6802D}.Debug|x86.ActiveCfg = Debug|Win32
		{8CB8EB1B-4CE6-48F7-9994-470027A6802D}.Debug|x86.Build.0 = Debug|Win32
		{8CB8EB1B-4CE6-48F7-9994-470027A6802D}.Release|x64.ActiveCfg = Release|x64
		{8CB8EB1B-4CE6-48F7-9994-470027A6802D}.Release|x64.Build.0 = Release|x64
		{8CB8EB1B-4CE6-48F7-9994-470027A6802D}.Release|x86.ActiveCfg = Release|Win32
		{8CB8EB1B-4CE6-48F7-9994-470027A6802D}.Release|x86.Build.0 = Release|Win32
		{8CB8EB1C-4CE7-48F8-9995-470027A6802E}.Debug|x64.ActiveCfg = Debug|x64
		{8CB8EB1C-4CE7-48F8-9995-470027A6802E}.Debug|x64.Build.0 = Debug|x64
		{8CB8EB1C-4CE7-48F8-9995-470027A6802E}.Debug|x86.ActiveCfg = Debug|Win32
		{8CB8EB1C-4CE7-48F8-9995-470027A6802E}.Debug|x86.Build.0 = Debug|Win32
		{8CB8EB1C-4CE7-48F8-9995-470027A6802E}.Release|x64.ActiveCfg = Release|x64
		{8CB8EB1C-4CE7-48F8-9995-470027A6802E}.Release|x64.Build.0 = Release|x64
		{8CB8EB1C-4CE7-48F8-9995-470027A6802E}.Release|x86.ActiveCfg = Release|Win32
		{8CB8EB1C-4CE7-48F8-9995-470027A6802E}.Release|x86.Build.0 = Release|Win32
		{8CB8EB1D-4CE8-48F9-9996-470027A6802F}.Debug|x64.ActiveCfg = Debug|x64
		{8CB8EB1D-4CE8-48F9-9996-470027A6802F}.Debug|x64.Build.0 = Debug|x64
		{8CB8EB1D-4CE8-48F9-9996-470027A6802F}.Debug|x86.ActiveCfg = Debug|Win32
		{8CB8EB1D-4CE8-48F9-9996-470027A6802F}.Debug|x86.Build.0 = Debug|Win32
		{8CB8EB1D-4CE8-48F9-9996-470027A6802F}.Release|x64.ActiveCfg = Release|x64
		{8CB8EB1D-4CE8-48F9-9996-470027A6802F}.Release|x64.Build.0 = Release|x64
		{8CB8EB1D-4CE8-48F9-9996-470027A6802F}.Release|x86.ActiveCfg = Release|Win32
		{8CB8EB1D-4CE8-48F9-9996-470027A6802F}.Release|x86.Build.0 = Release|Win32
		{8CB8EB1E-4CE9-48F9-9997-470027A68030}.Debug|x64.ActiveCfg = Debug|x64
		{8CB8EB1E-4CE9-48F9-9997-470027A68030}.Debug|x64.Build.0 = Debug|x64
		{8CB8EB1E-4CE9-48F9-9997-470027A68030}.Debug|x86.ActiveCfg = Debug|Win32
		{8CB8EB1E-4CE9-48F9-9997-470027A68030}.Debug|x86.Build.0 = Debug|Win32
		{8CB8EB1E-4CE9-48F9-9997-470027A68030}.Release|x64.ActiveCfg = Release|x64
		{8CB8EB1E-4CE9-48F9-9997-470027A68030}.Release|x64.Build.0 = Release|x64
		{8CB8EB1E-4CE9-48F9-9997-470027A68030}.Release|x86.ActiveCfg = Release|Win32
		{8CB8EB1E-4CE9-48F9-9997-470027A68030}.Release|x86.Build.0 = Release|Win32
		{8CB8EB1F-4CEA-48FA-9998-470027A68031}.Debug|x64.ActiveCfg = Debug|x64
		{8CB8EB1F-4CEA-48FA-9998-470027A68031}.Debug|x64.Build.0 = Debug|x64
		{8CB8EB1F-4CEA-48FA-9998-470027A68031}.Debug|x86.ActiveCfg = Debug|Win32
		{8CB8EB1F-4CEA-48FA-9998-470027A68031}.Debug|x86.Build.0 = Debug|Win32
		{8CB8EB1F-4CEA-48FA-9998-470027A68031}.Release|x64.ActiveCfg = Release|x64
		{8CB8EB1F-4CEA-48FA-9998-470027A68031}.Release|x64.Build.0 = Release|x64
		{8CB8EB1F-4CEA-48FA-9998-470027A68031}.Release|x86.ActiveCfg = Release|Win32
		{8CB8EB1F-4CEA-48FA-9998-470027A68031}.Release|x86.Build.0 = Release|Win32
		{8CB8EB20-4CEB-48FB-9999-470027A68032}.Debug|x64.ActiveCfg = Debug|x64
		{8CB8EB20-4CEB-48FB-9999-470027A68032}.Debug|x64.Build.0 = Debug|x64
		{8CB8EB20-4CEB-48FB-9999-470027A68032}.Debug|x86.ActiveCfg = Debug|Win32
		{8CB8EB20-4CEB-48FB-9999-470027A68032}.Debug|x86.Build.0 = Debug|Win32
		{8CB8EB20-4CEB-48FB-9999-470027A68032}.Release|x64.ActiveCfg = Release|x64
		{8CB8EB20-4CEB-48FB-9999-470027A68032}.Release|x64.Build.0 = Release|x64
		{8CB8EB20-4CEB-48FB-9999-470027A68032}.Release|x86.ActiveCfg = Release|Win32
		{8CB8EB20-4CEB-48FB-9999-470027A68032}.Release|x86.Build.0 = Release|Win32
		{8CB8EB21-4CEC-48FC-999A-470027A68033}.Debug|x64.ActiveCfg = Debug|x64
		{8CB8EB21-4CEC-48FC-999A-470027A68033}.Debug|x64.Build.0 = Debug|x64
		{8CB8EB21-4CEC-48FC-999A-470027A68033}.Debug|x86.ActiveCfg = Debug|Win32
		{8CB8EB21-4CEC-48FC-999A-470027A68033}.Debug|x86.Build.0 = Debug|Win32
		{8CB8EB21-4CEC-48FC-999A-470027A68033}.Release|x64.ActiveCfg = Release|x64
		{8CB8EB21-4CEC-48FC-999A-470027A68033}.Release|x64.Build.0 = Release|x64
		{8CB8EB21-4CEC-48FC-999A-470027A68033}.Release|x86.ActiveCfg = Release|Win32
		{8CB8EB21-4CEC-48FC-999A-470027A68033}.Release|x86.Build.0 = Release|Win32
		{8CB8EB22-4CED-48FD-999B-470027A68034}.Debug|x64.ActiveCfg = Debug|x64
		{8CB8EB22-4CED-48FD-999B-470027A68034}.Debug|x64.Build.0 = Debug|x64
		{8CB8EB22-4CED-48FD-999B-470027A68034}.Debug|x86.ActiveCfg = Debug|Win32
		{8CB8EB22-4CED-48FD-999B-470027A68034}.Debug|x86.Build.0 = Debug|Win32
		{8CB8EB22-4CED-48FD-999B-470027A68034}.Release|x64.ActiveCfg = Release|x64
		{8CB8EB22-4CED-48FD-999B-470027A68034}.Release|x64.Build.0 = Release|x64
		{8CB8EB22-4CED-48FD-999B-470027A68034}.Release|x86.ActiveCfg = Release|Win32
		{8CB8EB22-4CED-48FD-999B-470027A68034}.Release|x86.Build.0 = Release|Win32
		{8CB8EB23-4CEE-48FE-999C-470027A68035}.Debug|x64.ActiveCfg = Debug|x64
		{8CB8EB23-4CEE-48FE-999C-470027A68035}.Debug|x64.Build.0 = Debug|x64
		{8CB8EB23-4CEE-48FE-999C-470027A68035}.Debug|x86.ActiveCfg = Debug|Win32
		{8CB8EB23-4CEE-48FE-999C-470027A68035}.Debug|x86.Build.0 = Debug|Win32
		{8CB8EB23-4CEE-48FE-999C-470027A68035}.Release|x64.ActiveCfg = Release|x64
		{8CB8EB23-4CEE-48FE-999C-470027A68035}.Release|x64.Build.0 = Release|x64
		{8CB8EB23-4CEE-48FE-999C-470027A68035}.Release|x86.ActiveCfg = Release|Win32
		{8CB8EB23-4CEE-48FE-999C-470027A68035}.Release|x86.Build.0 = Release|Win32
		{8CB8EB24-4CEF-48FF-999D-470027A68036}.Debug|x64.ActiveCfg = Debug|x64
		{8CB8EB24-4CEF-48FF-999D-470027A68036}.Debug|x64.Build.0 = Debug|x64
		{8CB8EB24-4CEF-48FF-999D-470027A68036}.Debug|x86.ActiveCfg = Debug|Win32
		{8CB8EB24-4CEF-48FF-999D-470027A68036}.Debug|x86.Build.0 = Debug|Win32
		{8CB8EB24-4CEF-48FF-999D-470027A68036}.Release|x64.ActiveCfg = Release|x64
		{8CB8EB24-4CEF-48FF-999D-470027A68036}.Release|x64.Build.0 = Release|x64
		{8CB8EB24-4CEF-48FF-999D-470027A68036}.Release|x86.ActiveCfg = Release|Win32
		{8CB8EB24-4CEF-48FF-999D-470027A68036}.Release|x86.Build.0 = Release|Win32
	EndGlobalSection
	GlobalSection(SolutionProperties) = preSolution
		HideSolutionNode = FALSE
	EndGlobalSection
EndGlobal
